// !$*UTF8*$!
{
	archiveVersion = 1;
	classes = {
	};
	objectVersion = 50;
	objects = {

/* Begin PBXBuildFile section */
		A18BE98921B996F500274568 /* AppDelegate.swift in Sources */ = {isa = PBXBuildFile; fileRef = A18BE98821B996F500274568 /* AppDelegate.swift */; };
		A18BE98B21B996F500274568 /* ViewController.swift in Sources */ = {isa = PBXBuildFile; fileRef = A18BE98A21B996F500274568 /* ViewController.swift */; };
		A18BE98E21B996F500274568 /* Main.storyboard in Resources */ = {isa = PBXBuildFile; fileRef = A18BE98C21B996F500274568 /* Main.storyboard */; };
		A18BE99021B996F700274568 /* Assets.xcassets in Resources */ = {isa = PBXBuildFile; fileRef = A18BE98F21B996F700274568 /* Assets.xcassets */; };
		A18BE99321B996F700274568 /* LaunchScreen.storyboard in Resources */ = {isa = PBXBuildFile; fileRef = A18BE99121B996F700274568 /* LaunchScreen.storyboard */; };
		A18BE99E21B996F700274568 /* PruebaTests.swift in Sources */ = {isa = PBXBuildFile; fileRef = A18BE99D21B996F700274568 /* PruebaTests.swift */; };
		A18BE9A921B996F700274568 /* PruebaUITests.swift in Sources */ = {isa = PBXBuildFile; fileRef = A18BE9A821B996F700274568 /* PruebaUITests.swift */; };
/* End PBXBuildFile section */

/* Begin PBXContainerItemProxy section */
		A18BE99A21B996F700274568 /* PBXContainerItemProxy */ = {
			isa = PBXContainerItemProxy;
			containerPortal = A18BE97D21B996F500274568 /* Project object */;
			proxyType = 1;
			remoteGlobalIDString = A18BE98421B996F500274568;
			remoteInfo = Prueba;
		};
		A18BE9A521B996F700274568 /* PBXContainerItemProxy */ = {
			isa = PBXContainerItemProxy;
			containerPortal = A18BE97D21B996F500274568 /* Project object */;
			proxyType = 1;
			remoteGlobalIDString = A18BE98421B996F500274568;
			remoteInfo = Prueba;
		};
/* End PBXContainerItemProxy section */

/* Begin PBXFileReference section */
		A18BE98521B996F500274568 /* Prueba.app */ = {isa = PBXFileReference; explicitFileType = wrapper.application; includeInIndex = 0; path = Prueba.app; sourceTree = BUILT_PRODUCTS_DIR; };
		A18BE98821B996F500274568 /* AppDelegate.swift */ = {isa = PBXFileReference; lastKnownFileType = sourcecode.swift; path = AppDelegate.swift; sourceTree = "<group>"; };
		A18BE98A21B996F500274568 /* ViewController.swift */ = {isa = PBXFileReference; lastKnownFileType = sourcecode.swift; path = ViewController.swift; sourceTree = "<group>"; };
		A18BE98D21B996F500274568 /* Base */ = {isa = PBXFileReference; lastKnownFileType = file.storyboard; name = Base; path = Base.lproj/Main.storyboard; sourceTree = "<group>"; };
		A18BE98F21B996F700274568 /* Assets.xcassets */ = {isa = PBXFileReference; lastKnownFileType = folder.assetcatalog; path = Assets.xcassets; sourceTree = "<group>"; };
		A18BE99221B996F700274568 /* Base */ = {isa = PBXFileReference; lastKnownFileType = file.storyboard; name = Base; path = Base.lproj/LaunchScreen.storyboard; sourceTree = "<group>"; };
		A18BE99421B996F700274568 /* Info.plist */ = {isa = PBXFileReference; lastKnownFileType = text.plist.xml; path = Info.plist; sourceTree = "<group>"; };
		A18BE99921B996F700274568 /* PruebaTests.xctest */ = {isa = PBXFileReference; explicitFileType = wrapper.cfbundle; includeInIndex = 0; path = PruebaTests.xctest; sourceTree = BUILT_PRODUCTS_DIR; };
		A18BE99D21B996F700274568 /* PruebaTests.swift */ = {isa = PBXFileReference; lastKnownFileType = sourcecode.swift; path = PruebaTests.swift; sourceTree = "<group>"; };
		A18BE99F21B996F700274568 /* Info.plist */ = {isa = PBXFileReference; lastKnownFileType = text.plist.xml; path = Info.plist; sourceTree = "<group>"; };
		A18BE9A421B996F700274568 /* PruebaUITests.xctest */ = {isa = PBXFileReference; explicitFileType = wrapper.cfbundle; includeInIndex = 0; path = PruebaUITests.xctest; sourceTree = BUILT_PRODUCTS_DIR; };
		A18BE9A821B996F700274568 /* PruebaUITests.swift */ = {isa = PBXFileReference; lastKnownFileType = sourcecode.swift; path = PruebaUITests.swift; sourceTree = "<group>"; };
		A18BE9AA21B996F700274568 /* Info.plist */ = {isa = PBXFileReference; lastKnownFileType = text.plist.xml; path = Info.plist; sourceTree = "<group>"; };
/* End PBXFileReference section */

/* Begin PBXFrameworksBuildPhase section */
		A18BE98221B996F500274568 /* Frameworks */ = {
			isa = PBXFrameworksBuildPhase;
			buildActionMask = 2147483647;
			files = (
			);
			runOnlyForDeploymentPostprocessing = 0;
		};
		A18BE99621B996F700274568 /* Frameworks */ = {
			isa = PBXFrameworksBuildPhase;
			buildActionMask = 2147483647;
			files = (
			);
			runOnlyForDeploymentPostprocessing = 0;
		};
		A18BE9A121B996F700274568 /* Frameworks */ = {
			isa = PBXFrameworksBuildPhase;
			buildActionMask = 2147483647;
			files = (
			);
			runOnlyForDeploymentPostprocessing = 0;
		};
/* End PBXFrameworksBuildPhase section */

/* Begin PBXGroup section */
		A18BE97C21B996F500274568 = {
			isa = PBXGroup;
			children = (
				A18BE98721B996F500274568 /* Prueba */,
				A18BE99C21B996F700274568 /* PruebaTests */,
				A18BE9A721B996F700274568 /* PruebaUITests */,
				A18BE98621B996F500274568 /* Products */,
			);
			sourceTree = "<group>";
		};
		A18BE98621B996F500274568 /* Products */ = {
			isa = PBXGroup;
			children = (
				A18BE98521B996F500274568 /* Prueba.app */,
				A18BE99921B996F700274568 /* PruebaTests.xctest */,
				A18BE9A421B996F700274568 /* PruebaUITests.xctest */,
			);
			name = Products;
			sourceTree = "<group>";
		};
		A18BE98721B996F500274568 /* Prueba */ = {
			isa = PBXGroup;
			children = (
				A18BE98821B996F500274568 /* AppDelegate.swift */,
				A18BE98A21B996F500274568 /* ViewController.swift */,
				A18BE98C21B996F500274568 /* Main.storyboard */,
				A18BE98F21B996F700274568 /* Assets.xcassets */,
				A18BE99121B996F700274568 /* LaunchScreen.storyboard */,
				A18BE99421B996F700274568 /* Info.plist */,
			);
			path = Prueba;
			sourceTree = "<group>";
		};
		A18BE99C21B996F700274568 /* PruebaTests */ = {
			isa = PBXGroup;
			children = (
				A18BE99D21B996F700274568 /* PruebaTests.swift */,
				A18BE99F21B996F700274568 /* Info.plist */,
			);
			path = PruebaTests;
			sourceTree = "<group>";
		};
		A18BE9A721B996F700274568 /* PruebaUITests */ = {
			isa = PBXGroup;
			children = (
				A18BE9A821B996F700274568 /* PruebaUITests.swift */,
				A18BE9AA21B996F700274568 /* Info.plist */,
			);
			path = PruebaUITests;
			sourceTree = "<group>";
		};
/* End PBXGroup section */

/* Begin PBXNativeTarget section */
		A18BE98421B996F500274568 /* Prueba */ = {
			isa = PBXNativeTarget;
			buildConfigurationList = A18BE9AD21B996F700274568 /* Build configuration list for PBXNativeTarget "Prueba" */;
			buildPhases = (
				A18BE98121B996F500274568 /* Sources */,
				A18BE98221B996F500274568 /* Frameworks */,
				A18BE98321B996F500274568 /* Resources */,
			);
			buildRules = (
			);
			dependencies = (
			);
			name = Prueba;
			productName = Prueba;
			productReference = A18BE98521B996F500274568 /* Prueba.app */;
			productType = "com.apple.product-type.application";
		};
		A18BE99821B996F700274568 /* PruebaTests */ = {
			isa = PBXNativeTarget;
			buildConfigurationList = A18BE9B021B996F700274568 /* Build configuration list for PBXNativeTarget "PruebaTests" */;
			buildPhases = (
				A18BE99521B996F700274568 /* Sources */,
				A18BE99621B996F700274568 /* Frameworks */,
				A18BE99721B996F700274568 /* Resources */,
			);
			buildRules = (
			);
			dependencies = (
				A18BE99B21B996F700274568 /* PBXTargetDependency */,
			);
			name = PruebaTests;
			productName = PruebaTests;
			productReference = A18BE99921B996F700274568 /* PruebaTests.xctest */;
			productType = "com.apple.product-type.bundle.unit-test";
		};
		A18BE9A321B996F700274568 /* PruebaUITests */ = {
			isa = PBXNativeTarget;
			buildConfigurationList = A18BE9B321B996F700274568 /* Build configuration list for PBXNativeTarget "PruebaUITests" */;
			buildPhases = (
				A18BE9A021B996F700274568 /* Sources */,
				A18BE9A121B996F700274568 /* Frameworks */,
				A18BE9A221B996F700274568 /* Resources */,
			);
			buildRules = (
			);
			dependencies = (
				A18BE9A621B996F700274568 /* PBXTargetDependency */,
			);
			name = PruebaUITests;
			productName = PruebaUITests;
			productReference = A18BE9A421B996F700274568 /* PruebaUITests.xctest */;
			productType = "com.apple.product-type.bundle.ui-testing";
		};
/* End PBXNativeTarget section */

/* Begin PBXProject section */
		A18BE97D21B996F500274568 /* Project object */ = {
			isa = PBXProject;
			attributes = {
				LastSwiftUpdateCheck = 1010;
				LastUpgradeCheck = 1010;
				ORGANIZATIONNAME = "Thomas Fauquemberg";
				TargetAttributes = {
					A18BE98421B996F500274568 = {
						CreatedOnToolsVersion = 10.1;
					};
					A18BE99821B996F700274568 = {
						CreatedOnToolsVersion = 10.1;
						TestTargetID = A18BE98421B996F500274568;
					};
					A18BE9A321B996F700274568 = {
						CreatedOnToolsVersion = 10.1;
						TestTargetID = A18BE98421B996F500274568;
					};
				};
			};
			buildConfigurationList = A18BE98021B996F500274568 /* Build configuration list for PBXProject "Prueba" */;
			compatibilityVersion = "Xcode 9.3";
			developmentRegion = en;
			hasScannedForEncodings = 0;
			knownRegions = (
				en,
				Base,
			);
			mainGroup = A18BE97C21B996F500274568;
			productRefGroup = A18BE98621B996F500274568 /* Products */;
			projectDirPath = "";
			projectRoot = "";
			targets = (
				A18BE98421B996F500274568 /* Prueba */,
				A18BE99821B996F700274568 /* PruebaTests */,
				A18BE9A321B996F700274568 /* PruebaUITests */,
			);
		};
/* End PBXProject section */

/* Begin PBXResourcesBuildPhase section */
		A18BE98321B996F500274568 /* Resources */ = {
			isa = PBXResourcesBuildPhase;
			buildActionMask = 2147483647;
			files = (
				A18BE99321B996F700274568 /* LaunchScreen.storyboard in Resources */,
				A18BE99021B996F700274568 /* Assets.xcassets in Resources */,
				A18BE98E21B996F500274568 /* Main.storyboard in Resources */,
			);
			runOnlyForDeploymentPostprocessing = 0;
		};
		A18BE99721B996F700274568 /* Resources */ = {
			isa = PBXResourcesBuildPhase;
			buildActionMask = 2147483647;
			files = (
			);
			runOnlyForDeploymentPostprocessing = 0;
		};
		A18BE9A221B996F700274568 /* Resources */ = {
			isa = PBXResourcesBuildPhase;
			buildActionMask = 2147483647;
			files = (
			);
			runOnlyForDeploymentPostprocessing = 0;
		};
/* End PBXResourcesBuildPhase section */

/* Begin PBXSourcesBuildPhase section */
		A18BE98121B996F500274568 /* Sources */ = {
			isa = PBXSourcesBuildPhase;
			buildActionMask = 2147483647;
			files = (
				A18BE98B21B996F500274568 /* ViewController.swift in Sources */,
				A18BE98921B996F500274568 /* AppDelegate.swift in Sources */,
			);
			runOnlyForDeploymentPostprocessing = 0;
		};
		A18BE99521B996F700274568 /* Sources */ = {
			isa = PBXSourcesBuildPhase;
			buildActionMask = 2147483647;
			files = (
				A18BE99E21B996F700274568 /* PruebaTests.swift in Sources */,
			);
			runOnlyForDeploymentPostprocessing = 0;
		};
		A18BE9A021B996F700274568 /* Sources */ = {
			isa = PBXSourcesBuildPhase;
			buildActionMask = 2147483647;
			files = (
				A18BE9A921B996F700274568 /* PruebaUITests.swift in Sources */,
			);
			runOnlyForDeploymentPostprocessing = 0;
		};
/* End PBXSourcesBuildPhase section */

/* Begin PBXTargetDependency section */
		A18BE99B21B996F700274568 /* PBXTargetDependency */ = {
			isa = PBXTargetDependency;
			target = A18BE98421B996F500274568 /* Prueba */;
			targetProxy = A18BE99A21B996F700274568 /* PBXContainerItemProxy */;
		};
		A18BE9A621B996F700274568 /* PBXTargetDependency */ = {
			isa = PBXTargetDependency;
			target = A18BE98421B996F500274568 /* Prueba */;
			targetProxy = A18BE9A521B996F700274568 /* PBXContainerItemProxy */;
		};
/* End PBXTargetDependency section */

/* Begin PBXVariantGroup section */
		A18BE98C21B996F500274568 /* Main.storyboard */ = {
			isa = PBXVariantGroup;
			children = (
				A18BE98D21B996F500274568 /* Base */,
			);
			name = Main.storyboard;
			sourceTree = "<group>";
		};
		A18BE99121B996F700274568 /* LaunchScreen.storyboard */ = {
			isa = PBXVariantGroup;
			children = (
				A18BE99221B996F700274568 /* Base */,
			);
			name = LaunchScreen.storyboard;
			sourceTree = "<group>";
		};
/* End PBXVariantGroup section */

/* Begin XCBuildConfiguration section */
		A18BE9AB21B996F700274568 /* Debug */ = {
			isa = XCBuildConfiguration;
			buildSettings = {
				ALWAYS_SEARCH_USER_PATHS = NO;
				CLANG_ANALYZER_NONNULL = YES;
				CLANG_ANALYZER_NUMBER_OBJECT_CONVERSION = YES_AGGRESSIVE;
				CLANG_CXX_LANGUAGE_STANDARD = "gnu++14";
				CLANG_CXX_LIBRARY = "libc++";
				CLANG_ENABLE_MODULES = YES;
				CLANG_ENABLE_OBJC_ARC = YES;
				CLANG_ENABLE_OBJC_WEAK = YES;
				CLANG_WARN_BLOCK_CAPTURE_AUTORELEASING = YES;
				CLANG_WARN_BOOL_CONVERSION = YES;
				CLANG_WARN_COMMA = YES;
				CLANG_WARN_CONSTANT_CONVERSION = YES;
				CLANG_WARN_DEPRECATED_OBJC_IMPLEMENTATIONS = YES;
				CLANG_WARN_DIRECT_OBJC_ISA_USAGE = YES_ERROR;
				CLANG_WARN_DOCUMENTATION_COMMENTS = YES;
				CLANG_WARN_EMPTY_BODY = YES;
				CLANG_WARN_ENUM_CONVERSION = YES;
				CLANG_WARN_INFINITE_RECURSION = YES;
				CLANG_WARN_INT_CONVERSION = YES;
				CLANG_WARN_NON_LITERAL_NULL_CONVERSION = YES;
				CLANG_WARN_OBJC_IMPLICIT_RETAIN_SELF = YES;
				CLANG_WARN_OBJC_LITERAL_CONVERSION = YES;
				CLANG_WARN_OBJC_ROOT_CLASS = YES_ERROR;
				CLANG_WARN_RANGE_LOOP_ANALYSIS = YES;
				CLANG_WARN_STRICT_PROTOTYPES = YES;
				CLANG_WARN_SUSPICIOUS_MOVE = YES;
				CLANG_WARN_UNGUARDED_AVAILABILITY = YES_AGGRESSIVE;
				CLANG_WARN_UNREACHABLE_CODE = YES;
				CLANG_WARN__DUPLICATE_METHOD_MATCH = YES;
				CODE_SIGN_IDENTITY = "iPhone Developer";
				COPY_PHASE_STRIP = NO;
				DEBUG_INFORMATION_FORMAT = dwarf;
				ENABLE_STRICT_OBJC_MSGSEND = YES;
				ENABLE_TESTABILITY = YES;
				GCC_C_LANGUAGE_STANDARD = gnu11;
				GCC_DYNAMIC_NO_PIC = NO;
				GCC_NO_COMMON_BLOCKS = YES;
				GCC_OPTIMIZATION_LEVEL = 0;
				GCC_PREPROCESSOR_DEFINITIONS = (
					"DEBUG=1",
					"$(inherited)",
				);
				GCC_WARN_64_TO_32_BIT_CONVERSION = YES;
				GCC_WARN_ABOUT_RETURN_TYPE = YES_ERROR;
				GCC_WARN_UNDECLARED_SELECTOR = YES;
				GCC_WARN_UNINITIALIZED_AUTOS = YES_AGGRESSIVE;
				GCC_WARN_UNUSED_FUNCTION = YES;
				GCC_WARN_UNUSED_VARIABLE = YES;
				IPHONEOS_DEPLOYMENT_TARGET = 12.1;
				MTL_ENABLE_DEBUG_INFO = INCLUDE_SOURCE;
				MTL_FAST_MATH = YES;
				ONLY_ACTIVE_ARCH = YES;
				SDKROOT = iphoneos;
				SWIFT_ACTIVE_COMPILATION_CONDITIONS = DEBUG;
				SWIFT_OPTIMIZATION_LEVEL = "-Onone";
			};
			name = Debug;
		};
		A18BE9AC21B996F700274568 /* Release */ = {
			isa = XCBuildConfiguration;
			buildSettings = {
				ALWAYS_SEARCH_USER_PATHS = NO;
				CLANG_ANALYZER_NONNULL = YES;
				CLANG_ANALYZER_NUMBER_OBJECT_CONVERSION = YES_AGGRESSIVE;
				CLANG_CXX_LANGUAGE_STANDARD = "gnu++14";
				CLANG_CXX_LIBRARY = "libc++";
				CLANG_ENABLE_MODULES = YES;
				CLANG_ENABLE_OBJC_ARC = YES;
				CLANG_ENABLE_OBJC_WEAK = YES;
				CLANG_WARN_BLOCK_CAPTURE_AUTORELEASING = YES;
				CLANG_WARN_BOOL_CONVERSION = YES;
				CLANG_WARN_COMMA = YES;
				CLANG_WARN_CONSTANT_CONVERSION = YES;
				CLANG_WARN_DEPRECATED_OBJC_IMPLEMENTATIONS = YES;
				CLANG_WARN_DIRECT_OBJC_ISA_USAGE = YES_ERROR;
				CLANG_WARN_DOCUMENTATION_COMMENTS = YES;
				CLANG_WARN_EMPTY_BODY = YES;
				CLANG_WARN_ENUM_CONVERSION = YES;
				CLANG_WARN_INFINITE_RECURSION = YES;
				CLANG_WARN_INT_CONVERSION = YES;
				CLANG_WARN_NON_LITERAL_NULL_CONVERSION = YES;
				CLANG_WARN_OBJC_IMPLICIT_RETAIN_SELF = YES;
				CLANG_WARN_OBJC_LITERAL_CONVERSION = YES;
				CLANG_WARN_OBJC_ROOT_CLASS = YES_ERROR;
				CLANG_WARN_RANGE_LOOP_ANALYSIS = YES;
				CLANG_WARN_STRICT_PROTOTYPES = YES;
				CLANG_WARN_SUSPICIOUS_MOVE = YES;
				CLANG_WARN_UNGUARDED_AVAILABILITY = YES_AGGRESSIVE;
				CLANG_WARN_UNREACHABLE_CODE = YES;
				CLANG_WARN__DUPLICATE_METHOD_MATCH = YES;
				CODE_SIGN_IDENTITY = "iPhone Developer";
				COPY_PHASE_STRIP = NO;
				DEBUG_INFORMATION_FORMAT = "dwarf-with-dsym";
				ENABLE_NS_ASSERTIONS = NO;
				ENABLE_STRICT_OBJC_MSGSEND = YES;
				GCC_C_LANGUAGE_STANDARD = gnu11;
				GCC_NO_COMMON_BLOCKS = YES;
				GCC_WARN_64_TO_32_BIT_CONVERSION = YES;
				GCC_WARN_ABOUT_RETURN_TYPE = YES_ERROR;
				GCC_WARN_UNDECLARED_SELECTOR = YES;
				GCC_WARN_UNINITIALIZED_AUTOS = YES_AGGRESSIVE;
				GCC_WARN_UNUSED_FUNCTION = YES;
				GCC_WARN_UNUSED_VARIABLE = YES;
				IPHONEOS_DEPLOYMENT_TARGET = 12.1;
				MTL_ENABLE_DEBUG_INFO = NO;
				MTL_FAST_MATH = YES;
				SDKROOT = iphoneos;
				SWIFT_COMPILATION_MODE = wholemodule;
				SWIFT_OPTIMIZATION_LEVEL = "-O";
				VALIDATE_PRODUCT = YES;
			};
			name = Release;
		};
		A18BE9AE21B996F700274568 /* Debug */ = {
			isa = XCBuildConfiguration;
			buildSettings = {
				ASSETCATALOG_COMPILER_APPICON_NAME = AppIcon;
				CODE_SIGN_STYLE = Automatic;
				DEVELOPMENT_TEAM = B73226DSHJ;
				INFOPLIST_FILE = Prueba/Info.plist;
				LD_RUNPATH_SEARCH_PATHS = (
					"$(inherited)",
					"@executable_path/Frameworks",
				);
				PRODUCT_BUNDLE_IDENTIFIER = com.thomasfauquemberg.Prueba;
				PRODUCT_NAME = "$(TARGET_NAME)";
				SWIFT_VERSION = 4.2;
				TARGETED_DEVICE_FAMILY = "1,2";
			};
			name = Debug;
		};
		A18BE9AF21B996F700274568 /* Release */ = {
			isa = XCBuildConfiguration;
			buildSettings = {
				ASSETCATALOG_COMPILER_APPICON_NAME = AppIcon;
				CODE_SIGN_STYLE = Automatic;
				DEVELOPMENT_TEAM = B73226DSHJ;
				INFOPLIST_FILE = Prueba/Info.plist;
				LD_RUNPATH_SEARCH_PATHS = (
					"$(inherited)",
					"@executable_path/Frameworks",
				);
				PRODUCT_BUNDLE_IDENTIFIER = com.thomasfauquemberg.Prueba;
				PRODUCT_NAME = "$(TARGET_NAME)";
				SWIFT_VERSION = 4.2;
				TARGETED_DEVICE_FAMILY = "1,2";
			};
			name = Release;
		};
		A18BE9B121B996F700274568 /* Debug */ = {
			isa = XCBuildConfiguration;
			buildSettings = {
				ALWAYS_EMBED_SWIFT_STANDARD_LIBRARIES = YES;
				BUNDLE_LOADER = "$(TEST_HOST)";
				CODE_SIGN_STYLE = Automatic;
				DEVELOPMENT_TEAM = B73226DSHJ;
				INFOPLIST_FILE = PruebaTests/Info.plist;
				LD_RUNPATH_SEARCH_PATHS = (
					"$(inherited)",
					"@executable_path/Frameworks",
					"@loader_path/Frameworks",
				);
				PRODUCT_BUNDLE_IDENTIFIER = com.thomasfauquemberg.PruebaTests;
				PRODUCT_NAME = "$(TARGET_NAME)";
				SWIFT_VERSION = 4.2;
				TARGETED_DEVICE_FAMILY = "1,2";
				TEST_HOST = "$(BUILT_PRODUCTS_DIR)/Prueba.app/Prueba";
			};
			name = Debug;
		};
		A18BE9B221B996F700274568 /* Release */ = {
			isa = XCBuildConfiguration;
			buildSettings = {
				ALWAYS_EMBED_SWIFT_STANDARD_LIBRARIES = YES;
				BUNDLE_LOADER = "$(TEST_HOST)";
				CODE_SIGN_STYLE = Automatic;
				DEVELOPMENT_TEAM = B73226DSHJ;
				INFOPLIST_FILE = PruebaTests/Info.plist;
				LD_RUNPATH_SEARCH_PATHS = (
					"$(inherited)",
					"@executable_path/Frameworks",
					"@loader_path/Frameworks",
				);
				PRODUCT_BUNDLE_IDENTIFIER = com.thomasfauquemberg.PruebaTests;
				PRODUCT_NAME = "$(TARGET_NAME)";
				SWIFT_VERSION = 4.2;
				TARGETED_DEVICE_FAMILY = "1,2";
				TEST_HOST = "$(BUILT_PRODUCTS_DIR)/Prueba.app/Prueba";
			};
			name = Release;
		};
		A18BE9B421B996F700274568 /* Debug */ = {
			isa = XCBuildConfiguration;
			buildSettings = {
				ALWAYS_EMBED_SWIFT_STANDARD_LIBRARIES = YES;
				CODE_SIGN_STYLE = Automatic;
				DEVELOPMENT_TEAM = B73226DSHJ;
				INFOPLIST_FILE = PruebaUITests/Info.plist;
				LD_RUNPATH_SEARCH_PATHS = (
					"$(inherited)",
					"@executable_path/Frameworks",
					"@loader_path/Frameworks",
				);
				PRODUCT_BUNDLE_IDENTIFIER = com.thomasfauquemberg.PruebaUITests;
				PRODUCT_NAME = "$(TARGET_NAME)";
				SWIFT_VERSION = 4.2;
				TARGETED_DEVICE_FAMILY = "1,2";
				TEST_TARGET_NAME = Prueba;
			};
			name = Debug;
		};
		A18BE9B521B996F700274568 /* Release */ = {
			isa = XCBuildConfiguration;
			buildSettings = {
				ALWAYS_EMBED_SWIFT_STANDARD_LIBRARIES = YES;
				CODE_SIGN_STYLE = Automatic;
				DEVELOPMENT_TEAM = B73226DSHJ;
				INFOPLIST_FILE = PruebaUITests/Info.plist;
				LD_RUNPATH_SEARCH_PATHS = (
					"$(inherited)",
					"@executable_path/Frameworks",
					"@loader_path/Frameworks",
				);
				PRODUCT_BUNDLE_IDENTIFIER = com.thomasfauquemberg.PruebaUITests;
				PRODUCT_NAME = "$(TARGET_NAME)";
				SWIFT_VERSION = 4.2;
				TARGETED_DEVICE_FAMILY = "1,2";
				TEST_TARGET_NAME = Prueba;
			};
			name = Release;
		};
/* End XCBuildConfiguration section */

/* Begin XCConfigurationList section */
		A18BE98021B996F500274568 /* Build configuration list for PBXProject "Prueba" */ = {
			isa = XCConfigurationList;
			buildConfigurations = (
				A18BE9AB21B996F700274568 /* Debug */,
				A18BE9AC21B996F700274568 /* Release */,
			);
			defaultConfigurationIsVisible = 0;
			defaultConfigurationName = Release;
		};
		A18BE9AD21B996F700274568 /* Build configuration list for PBXNativeTarget "Prueba" */ = {
			isa = XCConfigurationList;
			buildConfigurations = (
				A18BE9AE21B996F700274568 /* Debug */,
				A18BE9AF21B996F700274568 /* Release */,
			);
			defaultConfigurationIsVisible = 0;
			defaultConfigurationName = Release;
		};
		A18BE9B021B996F700274568 /* Build configuration list for PBXNativeTarget "PruebaTests" */ = {
			isa = XCConfigurationList;
			buildConfigurations = (
				A18BE9B121B996F700274568 /* Debug */,
				A18BE9B221B996F700274568 /* Release */,
			);
			defaultConfigurationIsVisible = 0;
			defaultConfigurationName = Release;
		};
		A18BE9B321B996F700274568 /* Build configuration list for PBXNativeTarget "PruebaUITests" */ = {
			isa = XCConfigurationList;
			buildConfigurations = (
				A18BE9B421B996F700274568 /* Debug */,
				A18BE9B521B996F700274568 /* Release */,
			);
			defaultConfigurationIsVisible = 0;
			defaultConfigurationName = Release;
		};
/* End XCConfigurationList section */
	};
	rootObject = A18BE97D21B996F500274568 /* Project object */;
}
